version = 1
revision = 3
requires-python = ">=3.9, <3.13"

[[package]]
name = "pyside6"
version = "6.7.3"
source = { registry = "https://pypi.org/simple" }
dependencies = [
    { name = "pyside6-addons" },
    { name = "pyside6-essentials" },
    { name = "shiboken6" },
]
wheels = [
    { url = "https://files.pythonhosted.org/packages/d4/34/86b0fd9b5ce8eee35bd1311a620e8cdfd56d0ca36edca314a6189336682d/PySide6-6.7.3-cp39-abi3-macosx_11_0_universal2.whl", hash = "sha256:1c21c4cf6cdd29bd13bbd7a2514756a19188eab992b92af03e64bf06a9b33d5b", size = 532108, upload-time = "2024-09-27T07:54:02.107Z" },
    { url = "https://files.pythonhosted.org/packages/36/8a/af0c2c91bcd8a0003e4233a0c74dd6b0e5af5534e96185d48a2c03a8f359/PySide6-6.7.3-cp39-abi3-manylinux_2_28_x86_64.whl", hash = "sha256:a21480cc746358f70768975fcc452322f03b3c3622625bfb1743b40ce4e24beb", size = 532727, upload-time = "2024-09-27T07:54:04.758Z" },
    { url = "https://files.pythonhosted.org/packages/8a/56/a5347e273de35bd63fd3204bd9d80a134db959ff6f2bbeb299867dbe83db/PySide6-6.7.3-cp39-abi3-manylinux_2_31_aarch64.whl", hash = "sha256:c2a1313296c0088d1c3d231d0a8ccf0eda52b84139d0c4065fded76e4a4378f4", size = 532630, upload-time = "2024-09-27T07:54:07.145Z" },
    { url = "https://files.pythonhosted.org/packages/69/f0/18c6b7f5087eec0d673eb8703c3e9eb76d62cfc427b015d4fc833287c1c4/PySide6-6.7.3-cp39-abi3-win_amd64.whl", hash = "sha256:3ac8dcb4ca82d276e319f89dd99098b01061f255a2b9104216504aece5e0faf8", size = 539981, upload-time = "2024-09-27T07:54:10.354Z" },
]

[[package]]
name = "pyside6-addons"
version = "6.7.3"
source = { registry = "https://pypi.org/simple" }
dependencies = [
    { name = "pyside6-essentials" },
    { name = "shiboken6" },
]
wheels = [
    { url = "https://files.pythonhosted.org/packages/03/35/e4b69e36d3ffdb6818e546188a99ab2c2fe9834f7d06d57a47d9bfce8fd3/PySide6_Addons-6.7.3-cp39-abi3-macosx_11_0_universal2.whl", hash = "sha256:3174cb3a373c09c98740b452e8e8f4945d64cfa18ed8d43964111d570f0dc647", size = 292945102, upload-time = "2024-09-27T07:41:48.313Z" },
    { url = "https://files.pythonhosted.org/packages/bb/57/1b16719360c23ddf4aafffbb281fc5cd8949db42c868d0df1ac466814508/PySide6_Addons-6.7.3-cp39-abi3-manylinux_2_28_x86_64.whl", hash = "sha256:bde1eb03dbffd089b50cd445847aaecaf4056cea84c49ea592d00f84f247251e", size = 138279265, upload-time = "2024-09-27T07:42:11.497Z" },
    { url = "https://files.pythonhosted.org/packages/77/4d/547d8d5d7471a725b7221925266f5e8075bfd495f4d39156efdad4f59fa4/PySide6_Addons-6.7.3-cp39-abi3-manylinux_2_31_aarch64.whl", hash = "sha256:5a9e0df31345fe6caea677d916ea48b53ba86f95cc6499c57f89e392447ad6db", size = 123148721, upload-time = "2024-09-27T07:42:24.729Z" },
    { url = "https://files.pythonhosted.org/packages/3e/ca/1b34d0785298f86bed27582103760f67f7f78d9e2006405e256e9c770993/PySide6_Addons-6.7.3-cp39-abi3-win_amd64.whl", hash = "sha256:d8a19c2b2446407724c81c33ebf3217eaabd092f0f72da8130c17079e04a7813", size = 123578170, upload-time = "2024-09-27T07:42:41.047Z" },
]

[[package]]
name = "pyside6-essentials"
version = "6.7.3"
source = { registry = "https://pypi.org/simple" }
dependencies = [
    { name = "shiboken6" },
]
wheels = [
    { url = "https://files.pythonhosted.org/packages/bf/d8/053a3a95454ebc5313b3a4a9167b2f959fc6eaee3536b6e4269b75ce9716/PySide6_Essentials-6.7.3-cp39-abi3-macosx_11_0_universal2.whl", hash = "sha256:f9e08a4e9e7dc7b5ab72fde20abce8c97df7af1b802d9743f098f577dfe1f649", size = 158595022, upload-time = "2024-09-27T07:50:20.107Z" },
    { url = "https://files.pythonhosted.org/packages/8d/d8/a08ca6eca6839be5d604e4035ce899f9d6df0f612191f4ed4d03e51f1e0e/PySide6_Essentials-6.7.3-cp39-abi3-manylinux_2_28_x86_64.whl", hash = "sha256:cda6fd26aead48f32e57f044d18aa75dc39265b49d7957f515ce7ac3989e7029", size = 90396416, upload-time = "2024-09-27T07:50:32.635Z" },
    { url = "https://files.pythonhosted.org/packages/5c/4d/00a5716e56c35c5621368c89abb360f6e953e2be639cd5f11e8075894e41/PySide6_Essentials-6.7.3-cp39-abi3-manylinux_2_31_aarch64.whl", hash = "sha256:acdde06b74f26e7d26b4ae1461081b32a6cb17fcaa2a580050b5e0f0f12236c9", size = 87264397, upload-time = "2024-09-27T07:50:43.557Z" },
    { url = "https://files.pythonhosted.org/packages/0b/18/8679adff0b7a6ccacc2e0febd15c1b78d02abc0180b56007c24e94c9d582/PySide6_Essentials-6.7.3-cp39-abi3-win_amd64.whl", hash = "sha256:f0950fcdcbcd4f2443336dc6a5fe692172adc225f876839583503ded0ab2f2a7", size = 68887979, upload-time = "2024-09-27T07:50:52.56Z" },
]

[[package]]
name = "shiboken6"
version = "6.7.3"
source = { registry = "https://pypi.org/simple" }
wheels = [
    { url = "https://files.pythonhosted.org/packages/ef/7f/85d2234371fd260393760656e1f5977c0b6e270a0a6aca6bf7231a3e60de/shiboken6-6.7.3-cp39-abi3-macosx_11_0_universal2.whl", hash = "sha256:285fe3cf79be3135fe1ad1e2b9ff6db3a48698887425af6aa6ed7a05a9abc3d6", size = 388568, upload-time = "2024-09-27T07:51:06.762Z" },
    { url = "https://files.pythonhosted.org/packages/b2/e9/5c0c67de510da7818703d01123f7998cc495e99c0e6979a6ed6eb2ee09d0/shiboken6-6.7.3-cp39-abi3-manylinux_2_28_x86_64.whl", hash = "sha256:f0852e5781de78be5b13c140ec4c7fb9734e2aaf2986eb2d6a224363e03efccc", size = 189890, upload-time = "2024-09-27T07:51:08.983Z" },
    { url = "https://files.pythonhosted.org/packages/ef/3c/bb524437df11ae79845b230d682b162935c7226b1fb7be2544dceca01e0f/shiboken6-6.7.3-cp39-abi3-manylinux_2_31_aarch64.whl", hash = "sha256:f0dd635178e64a45be2f84c9f33dd79ac30328da87f834f21a0baf69ae210e6e", size = 178147, upload-time = "2024-09-27T07:51:10.836Z" },
    { url = "https://files.pythonhosted.org/packages/3e/cc/e2b95aedb5e5f900c20325ef347e51c7750d18369d157f9b7da99943dae1/shiboken6-6.7.3-cp39-abi3-win_amd64.whl", hash = "sha256:5f29325dfa86fde0274240f1f38e421303749d3174ce3ada178715b5f4719db9", size = 1136685, upload-time = "2024-09-27T07:51:12.899Z" },
]

[[package]]
name = "toast-notification"
version = "0.0.2"
source = { editable = "." }
dependencies = [
    { name = "pyside6" },
]

[package.metadata]
requires-dist = [{ name = "pyside6", specifier = "==6.7.3" }]

[package.metadata.requires-dev]
dev = []
